
Microsoft Visual Studio Solution File, Format Version 12.00
# Visual Studio Version 16
VisualStudioVersion = 16.0.30225.117
MinimumVisualStudioVersion = 10.0.40219.1
Project("{FAE04EC0-301F-11D3-BF4B-00C04F79EFBC}") = "XamarinTraining", "XamarinTraining\XamarinTraining\XamarinTraining.csproj", "{1BAC5289-07BF-4131-A6D4-366BAA95E9DA}"
EndProject
Project("{FAE04EC0-301F-11D3-BF4B-00C04F79EFBC}") = "XamarinTraining.Android", "XamarinTraining\XamarinTraining.Android\XamarinTraining.Android.csproj", "{7EB08C5D-2D59-4201-BD33-9DB07AD686AD}"
EndProject
Project("{FAE04EC0-301F-11D3-BF4B-00C04F79EFBC}") = "XamarinTraining.UWP", "XamarinTraining\XamarinTraining.UWP\XamarinTraining.UWP.csproj", "{6CDA1E66-F74F-4AED-9A23-84EFF2C2B91B}"
EndProject
Global
	GlobalSection(SolutionConfigurationPlatforms) = preSolution
		Debug|Any CPU = Debug|Any CPU
		Debug|ARM = Debug|ARM
		Debug|x64 = Debug|x64
		Debug|x86 = Debug|x86
		Release|Any CPU = Release|Any CPU
		Release|ARM = Release|ARM
		Release|x64 = Release|x64
		Release|x86 = Release|x86
	EndGlobalSection
	GlobalSection(ProjectConfigurationPlatforms) = postSolution
		{1BAC5289-07BF-4131-A6D4-366BAA95E9DA}.Debug|Any CPU.ActiveCfg = Debug|Any CPU
		{1BAC5289-07BF-4131-A6D4-366BAA95E9DA}.Debug|Any CPU.Build.0 = Debug|Any CPU
		{1BAC5289-07BF-4131-A6D4-366BAA95E9DA}.Debug|ARM.ActiveCfg = Debug|Any CPU
		{1BAC5289-07BF-4131-A6D4-366BAA95E9DA}.Debug|ARM.Build.0 = Debug|Any CPU
		{1BAC5289-07BF-4131-A6D4-366BAA95E9DA}.Debug|x64.ActiveCfg = Debug|Any CPU
		{1BAC5289-07BF-4131-A6D4-366BAA95E9DA}.Debug|x64.Build.0 = Debug|Any CPU
		{1BAC5289-07BF-4131-A6D4-366BAA95E9DA}.Debug|x86.ActiveCfg = Debug|Any CPU
		{1BAC5289-07BF-4131-A6D4-366BAA95E9DA}.Debug|x86.Build.0 = Debug|Any CPU
		{1BAC5289-07BF-4131-A6D4-366BAA95E9DA}.Release|Any CPU.ActiveCfg = Release|Any CPU
		{1BAC5289-07BF-4131-A6D4-366BAA95E9DA}.Release|Any CPU.Build.0 = Release|Any CPU
		{1BAC5289-07BF-4131-A6D4-366BAA95E9DA}.Release|ARM.ActiveCfg = Release|Any CPU
		{1BAC5289-07BF-4131-A6D4-366BAA95E9DA}.Release|ARM.Build.0 = Release|Any CPU
		{1BAC5289-07BF-4131-A6D4-366BAA95E9DA}.Release|x64.ActiveCfg = Release|Any CPU
		{1BAC5289-07BF-4131-A6D4-366BAA95E9DA}.Release|x64.Build.0 = Release|Any CPU
		{1BAC5289-07BF-4131-A6D4-366BAA95E9DA}.Release|x86.ActiveCfg = Release|Any CPU
		{1BAC5289-07BF-4131-A6D4-366BAA95E9DA}.Release|x86.Build.0 = Release|Any CPU
		{7EB08C5D-2D59-4201-BD33-9DB07AD686AD}.Debug|Any CPU.ActiveCfg = Debug|Any CPU
		{7EB08C5D-2D59-4201-BD33-9DB07AD686AD}.Debug|Any CPU.Build.0 = Debug|Any CPU
		{7EB08C5D-2D59-4201-BD33-9DB07AD686AD}.Debug|Any CPU.Deploy.0 = Debug|Any CPU
		{7EB08C5D-2D59-4201-BD33-9DB07AD686AD}.Debug|ARM.ActiveCfg = Debug|Any CPU
		{7EB08C5D-2D59-4201-BD33-9DB07AD686AD}.Debug|ARM.Build.0 = Debug|Any CPU
		{7EB08C5D-2D59-4201-BD33-9DB07AD686AD}.Debug|ARM.Deploy.0 = Debug|Any CPU
		{7EB08C5D-2D59-4201-BD33-9DB07AD686AD}.Debug|x64.ActiveCfg = Debug|Any CPU
		{7EB08C5D-2D59-4201-BD33-9DB07AD686AD}.Debug|x64.Build.0 = Debug|Any CPU
		{7EB08C5D-2D59-4201-BD33-9DB07AD686AD}.Debug|x64.Deploy.0 = Debug|Any CPU
		{7EB08C5D-2D59-4201-BD33-9DB07AD686AD}.Debug|x86.ActiveCfg = Debug|Any CPU
		{7EB08C5D-2D59-4201-BD33-9DB07AD686AD}.Debug|x86.Build.0 = Debug|Any CPU
		{7EB08C5D-2D59-4201-BD33-9DB07AD686AD}.Debug|x86.Deploy.0 = Debug|Any CPU
		{7EB08C5D-2D59-4201-BD33-9DB07AD686AD}.Release|Any CPU.ActiveCfg = Release|Any CPU
		{7EB08C5D-2D59-4201-BD33-9DB07AD686AD}.Release|Any CPU.Build.0 = Release|Any CPU
		{7EB08C5D-2D59-4201-BD33-9DB07AD686AD}.Release|Any CPU.Deploy.0 = Release|Any CPU
		{7EB08C5D-2D59-4201-BD33-9DB07AD686AD}.Release|ARM.ActiveCfg = Release|Any CPU
		{7EB08C5D-2D59-4201-BD33-9DB07AD686AD}.Release|ARM.Build.0 = Release|Any CPU
		{7EB08C5D-2D59-4201-BD33-9DB07AD686AD}.Release|ARM.Deploy.0 = Release|Any CPU
		{7EB08C5D-2D59-4201-BD33-9DB07AD686AD}.Release|x64.ActiveCfg = Release|Any CPU
		{7EB08C5D-2D59-4201-BD33-9DB07AD686AD}.Release|x64.Build.0 = Release|Any CPU
		{7EB08C5D-2D59-4201-BD33-9DB07AD686AD}.Release|x64.Deploy.0 = Release|Any CPU
		{7EB08C5D-2D59-4201-BD33-9DB07AD686AD}.Release|x86.ActiveCfg = Release|Any CPU
		{7EB08C5D-2D59-4201-BD33-9DB07AD686AD}.Release|x86.Build.0 = Release|Any CPU
		{7EB08C5D-2D59-4201-BD33-9DB07AD686AD}.Release|x86.Deploy.0 = Release|Any CPU
		{6CDA1E66-F74F-4AED-9A23-84EFF2C2B91B}.Debug|Any CPU.ActiveCfg = Debug|x86
		{6CDA1E66-F74F-4AED-9A23-84EFF2C2B91B}.Debug|ARM.ActiveCfg = Debug|ARM
		{6CDA1E66-F74F-4AED-9A23-84EFF2C2B91B}.Debug|ARM.Build.0 = Debug|ARM
		{6CDA1E66-F74F-4AED-9A23-84EFF2C2B91B}.Debug|ARM.Deploy.0 = Debug|ARM
		{6CDA1E66-F74F-4AED-9A23-84EFF2C2B91B}.Debug|x64.ActiveCfg = Debug|x64
		{6CDA1E66-F74F-4AED-9A23-84EFF2C2B91B}.Debug|x64.Build.0 = Debug|x64
		{6CDA1E66-F74F-4AED-9A23-84EFF2C2B91B}.Debug|x64.Deploy.0 = Debug|x64
		{6CDA1E66-F74F-4AED-9A23-84EFF2C2B91B}.Debug|x86.ActiveCfg = Debug|x86
		{6CDA1E66-F74F-4AED-9A23-84EFF2C2B91B}.Debug|x86.Build.0 = Debug|x86
		{6CDA1E66-F74F-4AED-9A23-84EFF2C2B91B}.Debug|x86.Deploy.0 = Debug|x86
		{6CDA1E66-F74F-4AED-9A23-84EFF2C2B91B}.Release|Any CPU.ActiveCfg = Release|x86
		{6CDA1E66-F74F-4AED-9A23-84EFF2C2B91B}.Release|ARM.ActiveCfg = Release|ARM
		{6CDA1E66-F74F-4AED-9A23-84EFF2C2B91B}.Release|ARM.Build.0 = Release|ARM
		{6CDA1E66-F74F-4AED-9A23-84EFF2C2B91B}.Release|ARM.Deploy.0 = Release|ARM
		{6CDA1E66-F74F-4AED-9A23-84EFF2C2B91B}.Release|x64.ActiveCfg = Release|x64
		{6CDA1E66-F74F-4AED-9A23-84EFF2C2B91B}.Release|x64.Build.0 = Release|x64
		{6CDA1E66-F74F-4AED-9A23-84EFF2C2B91B}.Release|x64.Deploy.0 = Release|x64
		{6CDA1E66-F74F-4AED-9A23-84EFF2C2B91B}.Release|x86.ActiveCfg = Release|x86
		{6CDA1E66-F74F-4AED-9A23-84EFF2C2B91B}.Release|x86.Build.0 = Release|x86
		{6CDA1E66-F74F-4AED-9A23-84EFF2C2B91B}.Release|x86.Deploy.0 = Release|x86
	EndGlobalSection
	GlobalSection(SolutionProperties) = preSolution
		HideSolutionNode = FALSE
	EndGlobalSection
	GlobalSection(ExtensibilityGlobals) = postSolution
		SolutionGuid = {49DC54AE-B051-4313-8ABB-17181EBD4301}
	EndGlobalSection
EndGlobal
