
Microsoft Visual Studio Solution File, Format Version 12.00
# Visual Studio Version 16
VisualStudioVersion = 16.0.30225.117
MinimumVisualStudioVersion = 10.0.40219.1
Project("{FAE04EC0-301F-11D3-BF4B-00C04F79EFBC}") = "XamarinExplorer", "XamarinExplorer\XamarinExplorer\XamarinExplorer.csproj", "{C2484D69-3949-4C99-81EC-F0674C4C4EE0}"
EndProject
Project("{FAE04EC0-301F-11D3-BF4B-00C04F79EFBC}") = "XamarinExplorer.Android", "XamarinExplorer\XamarinExplorer.Android\XamarinExplorer.Android.csproj", "{1717E077-6D1A-48CA-8A53-553A5A965CD4}"
EndProject
Project("{FAE04EC0-301F-11D3-BF4B-00C04F79EFBC}") = "XamarinExplorer.iOS", "XamarinExplorer\XamarinExplorer.iOS\XamarinExplorer.iOS.csproj", "{33CF8C70-0917-4DA7-BDF0-E520B15E5275}"
EndProject
Project("{FAE04EC0-301F-11D3-BF4B-00C04F79EFBC}") = "XamarinExplorer.UWP", "XamarinExplorer\XamarinExplorer.UWP\XamarinExplorer.UWP.csproj", "{9A34BBEB-0487-4C00-ABD0-7E0CAE3C95BB}"
EndProject
Global
	GlobalSection(SolutionConfigurationPlatforms) = preSolution
		Ad-Hoc|Any CPU = Ad-Hoc|Any CPU
		Ad-Hoc|ARM = Ad-Hoc|ARM
		Ad-Hoc|iPhone = Ad-Hoc|iPhone
		Ad-Hoc|iPhoneSimulator = Ad-Hoc|iPhoneSimulator
		Ad-Hoc|x64 = Ad-Hoc|x64
		Ad-Hoc|x86 = Ad-Hoc|x86
		AppStore|Any CPU = AppStore|Any CPU
		AppStore|ARM = AppStore|ARM
		AppStore|iPhone = AppStore|iPhone
		AppStore|iPhoneSimulator = AppStore|iPhoneSimulator
		AppStore|x64 = AppStore|x64
		AppStore|x86 = AppStore|x86
		Debug|Any CPU = Debug|Any CPU
		Debug|ARM = Debug|ARM
		Debug|iPhone = Debug|iPhone
		Debug|iPhoneSimulator = Debug|iPhoneSimulator
		Debug|x64 = Debug|x64
		Debug|x86 = Debug|x86
		Release|Any CPU = Release|Any CPU
		Release|ARM = Release|ARM
		Release|iPhone = Release|iPhone
		Release|iPhoneSimulator = Release|iPhoneSimulator
		Release|x64 = Release|x64
		Release|x86 = Release|x86
	EndGlobalSection
	GlobalSection(ProjectConfigurationPlatforms) = postSolution
		{C2484D69-3949-4C99-81EC-F0674C4C4EE0}.Ad-Hoc|Any CPU.ActiveCfg = Debug|Any CPU
		{C2484D69-3949-4C99-81EC-F0674C4C4EE0}.Ad-Hoc|Any CPU.Build.0 = Debug|Any CPU
		{C2484D69-3949-4C99-81EC-F0674C4C4EE0}.Ad-Hoc|ARM.ActiveCfg = Debug|Any CPU
		{C2484D69-3949-4C99-81EC-F0674C4C4EE0}.Ad-Hoc|ARM.Build.0 = Debug|Any CPU
		{C2484D69-3949-4C99-81EC-F0674C4C4EE0}.Ad-Hoc|iPhone.ActiveCfg = Debug|Any CPU
		{C2484D69-3949-4C99-81EC-F0674C4C4EE0}.Ad-Hoc|iPhone.Build.0 = Debug|Any CPU
		{C2484D69-3949-4C99-81EC-F0674C4C4EE0}.Ad-Hoc|iPhoneSimulator.ActiveCfg = Debug|Any CPU
		{C2484D69-3949-4C99-81EC-F0674C4C4EE0}.Ad-Hoc|iPhoneSimulator.Build.0 = Debug|Any CPU
		{C2484D69-3949-4C99-81EC-F0674C4C4EE0}.Ad-Hoc|x64.ActiveCfg = Debug|Any CPU
		{C2484D69-3949-4C99-81EC-F0674C4C4EE0}.Ad-Hoc|x64.Build.0 = Debug|Any CPU
		{C2484D69-3949-4C99-81EC-F0674C4C4EE0}.Ad-Hoc|x86.ActiveCfg = Debug|Any CPU
		{C2484D69-3949-4C99-81EC-F0674C4C4EE0}.Ad-Hoc|x86.Build.0 = Debug|Any CPU
		{C2484D69-3949-4C99-81EC-F0674C4C4EE0}.AppStore|Any CPU.ActiveCfg = Debug|Any CPU
		{C2484D69-3949-4C99-81EC-F0674C4C4EE0}.AppStore|Any CPU.Build.0 = Debug|Any CPU
		{C2484D69-3949-4C99-81EC-F0674C4C4EE0}.AppStore|ARM.ActiveCfg = Debug|Any CPU
		{C2484D69-3949-4C99-81EC-F0674C4C4EE0}.AppStore|ARM.Build.0 = Debug|Any CPU
		{C2484D69-3949-4C99-81EC-F0674C4C4EE0}.AppStore|iPhone.ActiveCfg = Debug|Any CPU
		{C2484D69-3949-4C99-81EC-F0674C4C4EE0}.AppStore|iPhone.Build.0 = Debug|Any CPU
		{C2484D69-3949-4C99-81EC-F0674C4C4EE0}.AppStore|iPhoneSimulator.ActiveCfg = Debug|Any CPU
		{C2484D69-3949-4C99-81EC-F0674C4C4EE0}.AppStore|iPhoneSimulator.Build.0 = Debug|Any CPU
		{C2484D69-3949-4C99-81EC-F0674C4C4EE0}.AppStore|x64.ActiveCfg = Debug|Any CPU
		{C2484D69-3949-4C99-81EC-F0674C4C4EE0}.AppStore|x64.Build.0 = Debug|Any CPU
		{C2484D69-3949-4C99-81EC-F0674C4C4EE0}.AppStore|x86.ActiveCfg = Debug|Any CPU
		{C2484D69-3949-4C99-81EC-F0674C4C4EE0}.AppStore|x86.Build.0 = Debug|Any CPU
		{C2484D69-3949-4C99-81EC-F0674C4C4EE0}.Debug|Any CPU.ActiveCfg = Debug|Any CPU
		{C2484D69-3949-4C99-81EC-F0674C4C4EE0}.Debug|Any CPU.Build.0 = Debug|Any CPU
		{C2484D69-3949-4C99-81EC-F0674C4C4EE0}.Debug|ARM.ActiveCfg = Debug|Any CPU
		{C2484D69-3949-4C99-81EC-F0674C4C4EE0}.Debug|ARM.Build.0 = Debug|Any CPU
		{C2484D69-3949-4C99-81EC-F0674C4C4EE0}.Debug|iPhone.ActiveCfg = Debug|Any CPU
		{C2484D69-3949-4C99-81EC-F0674C4C4EE0}.Debug|iPhone.Build.0 = Debug|Any CPU
		{C2484D69-3949-4C99-81EC-F0674C4C4EE0}.Debug|iPhoneSimulator.ActiveCfg = Debug|Any CPU
		{C2484D69-3949-4C99-81EC-F0674C4C4EE0}.Debug|iPhoneSimulator.Build.0 = Debug|Any CPU
		{C2484D69-3949-4C99-81EC-F0674C4C4EE0}.Debug|x64.ActiveCfg = Debug|Any CPU
		{C2484D69-3949-4C99-81EC-F0674C4C4EE0}.Debug|x64.Build.0 = Debug|Any CPU
		{C2484D69-3949-4C99-81EC-F0674C4C4EE0}.Debug|x86.ActiveCfg = Debug|Any CPU
		{C2484D69-3949-4C99-81EC-F0674C4C4EE0}.Debug|x86.Build.0 = Debug|Any CPU
		{C2484D69-3949-4C99-81EC-F0674C4C4EE0}.Release|Any CPU.ActiveCfg = Release|Any CPU
		{C2484D69-3949-4C99-81EC-F0674C4C4EE0}.Release|Any CPU.Build.0 = Release|Any CPU
		{C2484D69-3949-4C99-81EC-F0674C4C4EE0}.Release|ARM.ActiveCfg = Release|Any CPU
		{C2484D69-3949-4C99-81EC-F0674C4C4EE0}.Release|ARM.Build.0 = Release|Any CPU
		{C2484D69-3949-4C99-81EC-F0674C4C4EE0}.Release|iPhone.ActiveCfg = Release|Any CPU
		{C2484D69-3949-4C99-81EC-F0674C4C4EE0}.Release|iPhone.Build.0 = Release|Any CPU
		{C2484D69-3949-4C99-81EC-F0674C4C4EE0}.Release|iPhoneSimulator.ActiveCfg = Release|Any CPU
		{C2484D69-3949-4C99-81EC-F0674C4C4EE0}.Release|iPhoneSimulator.Build.0 = Release|Any CPU
		{C2484D69-3949-4C99-81EC-F0674C4C4EE0}.Release|x64.ActiveCfg = Release|Any CPU
		{C2484D69-3949-4C99-81EC-F0674C4C4EE0}.Release|x64.Build.0 = Release|Any CPU
		{C2484D69-3949-4C99-81EC-F0674C4C4EE0}.Release|x86.ActiveCfg = Release|Any CPU
		{C2484D69-3949-4C99-81EC-F0674C4C4EE0}.Release|x86.Build.0 = Release|Any CPU
		{1717E077-6D1A-48CA-8A53-553A5A965CD4}.Ad-Hoc|Any CPU.ActiveCfg = Release|Any CPU
		{1717E077-6D1A-48CA-8A53-553A5A965CD4}.Ad-Hoc|Any CPU.Build.0 = Release|Any CPU
		{1717E077-6D1A-48CA-8A53-553A5A965CD4}.Ad-Hoc|Any CPU.Deploy.0 = Release|Any CPU
		{1717E077-6D1A-48CA-8A53-553A5A965CD4}.Ad-Hoc|ARM.ActiveCfg = Release|Any CPU
		{1717E077-6D1A-48CA-8A53-553A5A965CD4}.Ad-Hoc|ARM.Build.0 = Release|Any CPU
		{1717E077-6D1A-48CA-8A53-553A5A965CD4}.Ad-Hoc|ARM.Deploy.0 = Release|Any CPU
		{1717E077-6D1A-48CA-8A53-553A5A965CD4}.Ad-Hoc|iPhone.ActiveCfg = Release|Any CPU
		{1717E077-6D1A-48CA-8A53-553A5A965CD4}.Ad-Hoc|iPhone.Build.0 = Release|Any CPU
		{1717E077-6D1A-48CA-8A53-553A5A965CD4}.Ad-Hoc|iPhone.Deploy.0 = Release|Any CPU
		{1717E077-6D1A-48CA-8A53-553A5A965CD4}.Ad-Hoc|iPhoneSimulator.ActiveCfg = Release|Any CPU
		{1717E077-6D1A-48CA-8A53-553A5A965CD4}.Ad-Hoc|iPhoneSimulator.Build.0 = Release|Any CPU
		{1717E077-6D1A-48CA-8A53-553A5A965CD4}.Ad-Hoc|iPhoneSimulator.Deploy.0 = Release|Any CPU
		{1717E077-6D1A-48CA-8A53-553A5A965CD4}.Ad-Hoc|x64.ActiveCfg = Release|Any CPU
		{1717E077-6D1A-48CA-8A53-553A5A965CD4}.Ad-Hoc|x64.Build.0 = Release|Any CPU
		{1717E077-6D1A-48CA-8A53-553A5A965CD4}.Ad-Hoc|x64.Deploy.0 = Release|Any CPU
		{1717E077-6D1A-48CA-8A53-553A5A965CD4}.Ad-Hoc|x86.ActiveCfg = Release|Any CPU
		{1717E077-6D1A-48CA-8A53-553A5A965CD4}.Ad-Hoc|x86.Build.0 = Release|Any CPU
		{1717E077-6D1A-48CA-8A53-553A5A965CD4}.Ad-Hoc|x86.Deploy.0 = Release|Any CPU
		{1717E077-6D1A-48CA-8A53-553A5A965CD4}.AppStore|Any CPU.ActiveCfg = Release|Any CPU
		{1717E077-6D1A-48CA-8A53-553A5A965CD4}.AppStore|Any CPU.Build.0 = Release|Any CPU
		{1717E077-6D1A-48CA-8A53-553A5A965CD4}.AppStore|Any CPU.Deploy.0 = Release|Any CPU
		{1717E077-6D1A-48CA-8A53-553A5A965CD4}.AppStore|ARM.ActiveCfg = Release|Any CPU
		{1717E077-6D1A-48CA-8A53-553A5A965CD4}.AppStore|ARM.Build.0 = Release|Any CPU
		{1717E077-6D1A-48CA-8A53-553A5A965CD4}.AppStore|ARM.Deploy.0 = Release|Any CPU
		{1717E077-6D1A-48CA-8A53-553A5A965CD4}.AppStore|iPhone.ActiveCfg = Release|Any CPU
		{1717E077-6D1A-48CA-8A53-553A5A965CD4}.AppStore|iPhone.Build.0 = Release|Any CPU
		{1717E077-6D1A-48CA-8A53-553A5A965CD4}.AppStore|iPhone.Deploy.0 = Release|Any CPU
		{1717E077-6D1A-48CA-8A53-553A5A965CD4}.AppStore|iPhoneSimulator.ActiveCfg = Release|Any CPU
		{1717E077-6D1A-48CA-8A53-553A5A965CD4}.AppStore|iPhoneSimulator.Build.0 = Release|Any CPU
		{1717E077-6D1A-48CA-8A53-553A5A965CD4}.AppStore|iPhoneSimulator.Deploy.0 = Release|Any CPU
		{1717E077-6D1A-48CA-8A53-553A5A965CD4}.AppStore|x64.ActiveCfg = Release|Any CPU
		{1717E077-6D1A-48CA-8A53-553A5A965CD4}.AppStore|x64.Build.0 = Release|Any CPU
		{1717E077-6D1A-48CA-8A53-553A5A965CD4}.AppStore|x64.Deploy.0 = Release|Any CPU
		{1717E077-6D1A-48CA-8A53-553A5A965CD4}.AppStore|x86.ActiveCfg = Release|Any CPU
		{1717E077-6D1A-48CA-8A53-553A5A965CD4}.AppStore|x86.Build.0 = Release|Any CPU
		{1717E077-6D1A-48CA-8A53-553A5A965CD4}.AppStore|x86.Deploy.0 = Release|Any CPU
		{1717E077-6D1A-48CA-8A53-553A5A965CD4}.Debug|Any CPU.ActiveCfg = Debug|Any CPU
		{1717E077-6D1A-48CA-8A53-553A5A965CD4}.Debug|Any CPU.Build.0 = Debug|Any CPU
		{1717E077-6D1A-48CA-8A53-553A5A965CD4}.Debug|Any CPU.Deploy.0 = Debug|Any CPU
		{1717E077-6D1A-48CA-8A53-553A5A965CD4}.Debug|ARM.ActiveCfg = Debug|Any CPU
		{1717E077-6D1A-48CA-8A53-553A5A965CD4}.Debug|ARM.Build.0 = Debug|Any CPU
		{1717E077-6D1A-48CA-8A53-553A5A965CD4}.Debug|ARM.Deploy.0 = Debug|Any CPU
		{1717E077-6D1A-48CA-8A53-553A5A965CD4}.Debug|iPhone.ActiveCfg = Debug|Any CPU
		{1717E077-6D1A-48CA-8A53-553A5A965CD4}.Debug|iPhone.Build.0 = Debug|Any CPU
		{1717E077-6D1A-48CA-8A53-553A5A965CD4}.Debug|iPhone.Deploy.0 = Debug|Any CPU
		{1717E077-6D1A-48CA-8A53-553A5A965CD4}.Debug|iPhoneSimulator.ActiveCfg = Debug|Any CPU
		{1717E077-6D1A-48CA-8A53-553A5A965CD4}.Debug|iPhoneSimulator.Build.0 = Debug|Any CPU
		{1717E077-6D1A-48CA-8A53-553A5A965CD4}.Debug|iPhoneSimulator.Deploy.0 = Debug|Any CPU
		{1717E077-6D1A-48CA-8A53-553A5A965CD4}.Debug|x64.ActiveCfg = Debug|Any CPU
		{1717E077-6D1A-48CA-8A53-553A5A965CD4}.Debug|x64.Build.0 = Debug|Any CPU
		{1717E077-6D1A-48CA-8A53-553A5A965CD4}.Debug|x64.Deploy.0 = Debug|Any CPU
		{1717E077-6D1A-48CA-8A53-553A5A965CD4}.Debug|x86.ActiveCfg = Debug|Any CPU
		{1717E077-6D1A-48CA-8A53-553A5A965CD4}.Debug|x86.Build.0 = Debug|Any CPU
		{1717E077-6D1A-48CA-8A53-553A5A965CD4}.Debug|x86.Deploy.0 = Debug|Any CPU
		{1717E077-6D1A-48CA-8A53-553A5A965CD4}.Release|Any CPU.ActiveCfg = Release|Any CPU
		{1717E077-6D1A-48CA-8A53-553A5A965CD4}.Release|Any CPU.Build.0 = Release|Any CPU
		{1717E077-6D1A-48CA-8A53-553A5A965CD4}.Release|Any CPU.Deploy.0 = Release|Any CPU
		{1717E077-6D1A-48CA-8A53-553A5A965CD4}.Release|ARM.ActiveCfg = Release|Any CPU
		{1717E077-6D1A-48CA-8A53-553A5A965CD4}.Release|ARM.Build.0 = Release|Any CPU
		{1717E077-6D1A-48CA-8A53-553A5A965CD4}.Release|ARM.Deploy.0 = Release|Any CPU
		{1717E077-6D1A-48CA-8A53-553A5A965CD4}.Release|iPhone.ActiveCfg = Release|Any CPU
		{1717E077-6D1A-48CA-8A53-553A5A965CD4}.Release|iPhone.Build.0 = Release|Any CPU
		{1717E077-6D1A-48CA-8A53-553A5A965CD4}.Release|iPhone.Deploy.0 = Release|Any CPU
		{1717E077-6D1A-48CA-8A53-553A5A965CD4}.Release|iPhoneSimulator.ActiveCfg = Release|Any CPU
		{1717E077-6D1A-48CA-8A53-553A5A965CD4}.Release|iPhoneSimulator.Build.0 = Release|Any CPU
		{1717E077-6D1A-48CA-8A53-553A5A965CD4}.Release|iPhoneSimulator.Deploy.0 = Release|Any CPU
		{1717E077-6D1A-48CA-8A53-553A5A965CD4}.Release|x64.ActiveCfg = Release|Any CPU
		{1717E077-6D1A-48CA-8A53-553A5A965CD4}.Release|x64.Build.0 = Release|Any CPU
		{1717E077-6D1A-48CA-8A53-553A5A965CD4}.Release|x64.Deploy.0 = Release|Any CPU
		{1717E077-6D1A-48CA-8A53-553A5A965CD4}.Release|x86.ActiveCfg = Release|Any CPU
		{1717E077-6D1A-48CA-8A53-553A5A965CD4}.Release|x86.Build.0 = Release|Any CPU
		{1717E077-6D1A-48CA-8A53-553A5A965CD4}.Release|x86.Deploy.0 = Release|Any CPU
		{33CF8C70-0917-4DA7-BDF0-E520B15E5275}.Ad-Hoc|Any CPU.ActiveCfg = Ad-Hoc|iPhone
		{33CF8C70-0917-4DA7-BDF0-E520B15E5275}.Ad-Hoc|ARM.ActiveCfg = Ad-Hoc|iPhone
		{33CF8C70-0917-4DA7-BDF0-E520B15E5275}.Ad-Hoc|iPhone.ActiveCfg = Ad-Hoc|iPhone
		{33CF8C70-0917-4DA7-BDF0-E520B15E5275}.Ad-Hoc|iPhone.Build.0 = Ad-Hoc|iPhone
		{33CF8C70-0917-4DA7-BDF0-E520B15E5275}.Ad-Hoc|iPhoneSimulator.ActiveCfg = Ad-Hoc|iPhoneSimulator
		{33CF8C70-0917-4DA7-BDF0-E520B15E5275}.Ad-Hoc|iPhoneSimulator.Build.0 = Ad-Hoc|iPhoneSimulator
		{33CF8C70-0917-4DA7-BDF0-E520B15E5275}.Ad-Hoc|x64.ActiveCfg = Ad-Hoc|iPhone
		{33CF8C70-0917-4DA7-BDF0-E520B15E5275}.Ad-Hoc|x86.ActiveCfg = Ad-Hoc|iPhone
		{33CF8C70-0917-4DA7-BDF0-E520B15E5275}.AppStore|Any CPU.ActiveCfg = AppStore|iPhone
		{33CF8C70-0917-4DA7-BDF0-E520B15E5275}.AppStore|ARM.ActiveCfg = AppStore|iPhone
		{33CF8C70-0917-4DA7-BDF0-E520B15E5275}.AppStore|iPhone.ActiveCfg = AppStore|iPhone
		{33CF8C70-0917-4DA7-BDF0-E520B15E5275}.AppStore|iPhone.Build.0 = AppStore|iPhone
		{33CF8C70-0917-4DA7-BDF0-E520B15E5275}.AppStore|iPhoneSimulator.ActiveCfg = AppStore|iPhoneSimulator
		{33CF8C70-0917-4DA7-BDF0-E520B15E5275}.AppStore|iPhoneSimulator.Build.0 = AppStore|iPhoneSimulator
		{33CF8C70-0917-4DA7-BDF0-E520B15E5275}.AppStore|x64.ActiveCfg = AppStore|iPhone
		{33CF8C70-0917-4DA7-BDF0-E520B15E5275}.AppStore|x86.ActiveCfg = AppStore|iPhone
		{33CF8C70-0917-4DA7-BDF0-E520B15E5275}.Debug|Any CPU.ActiveCfg = Debug|iPhone
		{33CF8C70-0917-4DA7-BDF0-E520B15E5275}.Debug|ARM.ActiveCfg = Debug|iPhone
		{33CF8C70-0917-4DA7-BDF0-E520B15E5275}.Debug|iPhone.ActiveCfg = Debug|iPhone
		{33CF8C70-0917-4DA7-BDF0-E520B15E5275}.Debug|iPhone.Build.0 = Debug|iPhone
		{33CF8C70-0917-4DA7-BDF0-E520B15E5275}.Debug|iPhoneSimulator.ActiveCfg = Debug|iPhoneSimulator
		{33CF8C70-0917-4DA7-BDF0-E520B15E5275}.Debug|iPhoneSimulator.Build.0 = Debug|iPhoneSimulator
		{33CF8C70-0917-4DA7-BDF0-E520B15E5275}.Debug|x64.ActiveCfg = Debug|iPhone
		{33CF8C70-0917-4DA7-BDF0-E520B15E5275}.Debug|x86.ActiveCfg = Debug|iPhone
		{33CF8C70-0917-4DA7-BDF0-E520B15E5275}.Release|Any CPU.ActiveCfg = Release|iPhone
		{33CF8C70-0917-4DA7-BDF0-E520B15E5275}.Release|ARM.ActiveCfg = Release|iPhone
		{33CF8C70-0917-4DA7-BDF0-E520B15E5275}.Release|iPhone.ActiveCfg = Release|iPhone
		{33CF8C70-0917-4DA7-BDF0-E520B15E5275}.Release|iPhone.Build.0 = Release|iPhone
		{33CF8C70-0917-4DA7-BDF0-E520B15E5275}.Release|iPhoneSimulator.ActiveCfg = Release|iPhoneSimulator
		{33CF8C70-0917-4DA7-BDF0-E520B15E5275}.Release|iPhoneSimulator.Build.0 = Release|iPhoneSimulator
		{33CF8C70-0917-4DA7-BDF0-E520B15E5275}.Release|x64.ActiveCfg = Release|iPhone
		{33CF8C70-0917-4DA7-BDF0-E520B15E5275}.Release|x86.ActiveCfg = Release|iPhone
		{9A34BBEB-0487-4C00-ABD0-7E0CAE3C95BB}.Ad-Hoc|Any CPU.ActiveCfg = Release|x86
		{9A34BBEB-0487-4C00-ABD0-7E0CAE3C95BB}.Ad-Hoc|Any CPU.Build.0 = Release|x86
		{9A34BBEB-0487-4C00-ABD0-7E0CAE3C95BB}.Ad-Hoc|Any CPU.Deploy.0 = Release|x86
		{9A34BBEB-0487-4C00-ABD0-7E0CAE3C95BB}.Ad-Hoc|ARM.ActiveCfg = Release|ARM
		{9A34BBEB-0487-4C00-ABD0-7E0CAE3C95BB}.Ad-Hoc|ARM.Build.0 = Release|ARM
		{9A34BBEB-0487-4C00-ABD0-7E0CAE3C95BB}.Ad-Hoc|ARM.Deploy.0 = Release|ARM
		{9A34BBEB-0487-4C00-ABD0-7E0CAE3C95BB}.Ad-Hoc|iPhone.ActiveCfg = Release|x86
		{9A34BBEB-0487-4C00-ABD0-7E0CAE3C95BB}.Ad-Hoc|iPhone.Build.0 = Release|x86
		{9A34BBEB-0487-4C00-ABD0-7E0CAE3C95BB}.Ad-Hoc|iPhone.Deploy.0 = Release|x86
		{9A34BBEB-0487-4C00-ABD0-7E0CAE3C95BB}.Ad-Hoc|iPhoneSimulator.ActiveCfg = Release|x86
		{9A34BBEB-0487-4C00-ABD0-7E0CAE3C95BB}.Ad-Hoc|iPhoneSimulator.Build.0 = Release|x86
		{9A34BBEB-0487-4C00-ABD0-7E0CAE3C95BB}.Ad-Hoc|iPhoneSimulator.Deploy.0 = Release|x86
		{9A34BBEB-0487-4C00-ABD0-7E0CAE3C95BB}.Ad-Hoc|x64.ActiveCfg = Release|x64
		{9A34BBEB-0487-4C00-ABD0-7E0CAE3C95BB}.Ad-Hoc|x64.Build.0 = Release|x64
		{9A34BBEB-0487-4C00-ABD0-7E0CAE3C95BB}.Ad-Hoc|x64.Deploy.0 = Release|x64
		{9A34BBEB-0487-4C00-ABD0-7E0CAE3C95BB}.Ad-Hoc|x86.ActiveCfg = Release|x86
		{9A34BBEB-0487-4C00-ABD0-7E0CAE3C95BB}.Ad-Hoc|x86.Build.0 = Release|x86
		{9A34BBEB-0487-4C00-ABD0-7E0CAE3C95BB}.Ad-Hoc|x86.Deploy.0 = Release|x86
		{9A34BBEB-0487-4C00-ABD0-7E0CAE3C95BB}.AppStore|Any CPU.ActiveCfg = Release|x86
		{9A34BBEB-0487-4C00-ABD0-7E0CAE3C95BB}.AppStore|Any CPU.Build.0 = Release|x86
		{9A34BBEB-0487-4C00-ABD0-7E0CAE3C95BB}.AppStore|Any CPU.Deploy.0 = Release|x86
		{9A34BBEB-0487-4C00-ABD0-7E0CAE3C95BB}.AppStore|ARM.ActiveCfg = Release|ARM
		{9A34BBEB-0487-4C00-ABD0-7E0CAE3C95BB}.AppStore|ARM.Build.0 = Release|ARM
		{9A34BBEB-0487-4C00-ABD0-7E0CAE3C95BB}.AppStore|ARM.Deploy.0 = Release|ARM
		{9A34BBEB-0487-4C00-ABD0-7E0CAE3C95BB}.AppStore|iPhone.ActiveCfg = Release|x86
		{9A34BBEB-0487-4C00-ABD0-7E0CAE3C95BB}.AppStore|iPhone.Build.0 = Release|x86
		{9A34BBEB-0487-4C00-ABD0-7E0CAE3C95BB}.AppStore|iPhone.Deploy.0 = Release|x86
		{9A34BBEB-0487-4C00-ABD0-7E0CAE3C95BB}.AppStore|iPhoneSimulator.ActiveCfg = Release|x86
		{9A34BBEB-0487-4C00-ABD0-7E0CAE3C95BB}.AppStore|iPhoneSimulator.Build.0 = Release|x86
		{9A34BBEB-0487-4C00-ABD0-7E0CAE3C95BB}.AppStore|iPhoneSimulator.Deploy.0 = Release|x86
		{9A34BBEB-0487-4C00-ABD0-7E0CAE3C95BB}.AppStore|x64.ActiveCfg = Release|x64
		{9A34BBEB-0487-4C00-ABD0-7E0CAE3C95BB}.AppStore|x64.Build.0 = Release|x64
		{9A34BBEB-0487-4C00-ABD0-7E0CAE3C95BB}.AppStore|x64.Deploy.0 = Release|x64
		{9A34BBEB-0487-4C00-ABD0-7E0CAE3C95BB}.AppStore|x86.ActiveCfg = Release|x86
		{9A34BBEB-0487-4C00-ABD0-7E0CAE3C95BB}.AppStore|x86.Build.0 = Release|x86
		{9A34BBEB-0487-4C00-ABD0-7E0CAE3C95BB}.AppStore|x86.Deploy.0 = Release|x86
		{9A34BBEB-0487-4C00-ABD0-7E0CAE3C95BB}.Debug|Any CPU.ActiveCfg = Debug|x86
		{9A34BBEB-0487-4C00-ABD0-7E0CAE3C95BB}.Debug|ARM.ActiveCfg = Debug|ARM
		{9A34BBEB-0487-4C00-ABD0-7E0CAE3C95BB}.Debug|ARM.Build.0 = Debug|ARM
		{9A34BBEB-0487-4C00-ABD0-7E0CAE3C95BB}.Debug|ARM.Deploy.0 = Debug|ARM
		{9A34BBEB-0487-4C00-ABD0-7E0CAE3C95BB}.Debug|iPhone.ActiveCfg = Debug|x86
		{9A34BBEB-0487-4C00-ABD0-7E0CAE3C95BB}.Debug|iPhoneSimulator.ActiveCfg = Debug|x86
		{9A34BBEB-0487-4C00-ABD0-7E0CAE3C95BB}.Debug|x64.ActiveCfg = Debug|x64
		{9A34BBEB-0487-4C00-ABD0-7E0CAE3C95BB}.Debug|x64.Build.0 = Debug|x64
		{9A34BBEB-0487-4C00-ABD0-7E0CAE3C95BB}.Debug|x64.Deploy.0 = Debug|x64
		{9A34BBEB-0487-4C00-ABD0-7E0CAE3C95BB}.Debug|x86.ActiveCfg = Debug|x86
		{9A34BBEB-0487-4C00-ABD0-7E0CAE3C95BB}.Debug|x86.Build.0 = Debug|x86
		{9A34BBEB-0487-4C00-ABD0-7E0CAE3C95BB}.Debug|x86.Deploy.0 = Debug|x86
		{9A34BBEB-0487-4C00-ABD0-7E0CAE3C95BB}.Release|Any CPU.ActiveCfg = Release|x86
		{9A34BBEB-0487-4C00-ABD0-7E0CAE3C95BB}.Release|ARM.ActiveCfg = Release|ARM
		{9A34BBEB-0487-4C00-ABD0-7E0CAE3C95BB}.Release|ARM.Build.0 = Release|ARM
		{9A34BBEB-0487-4C00-ABD0-7E0CAE3C95BB}.Release|ARM.Deploy.0 = Release|ARM
		{9A34BBEB-0487-4C00-ABD0-7E0CAE3C95BB}.Release|iPhone.ActiveCfg = Release|x86
		{9A34BBEB-0487-4C00-ABD0-7E0CAE3C95BB}.Release|iPhoneSimulator.ActiveCfg = Release|x86
		{9A34BBEB-0487-4C00-ABD0-7E0CAE3C95BB}.Release|x64.ActiveCfg = Release|x64
		{9A34BBEB-0487-4C00-ABD0-7E0CAE3C95BB}.Release|x64.Build.0 = Release|x64
		{9A34BBEB-0487-4C00-ABD0-7E0CAE3C95BB}.Release|x64.Deploy.0 = Release|x64
		{9A34BBEB-0487-4C00-ABD0-7E0CAE3C95BB}.Release|x86.ActiveCfg = Release|x86
		{9A34BBEB-0487-4C00-ABD0-7E0CAE3C95BB}.Release|x86.Build.0 = Release|x86
		{9A34BBEB-0487-4C00-ABD0-7E0CAE3C95BB}.Release|x86.Deploy.0 = Release|x86
	EndGlobalSection
	GlobalSection(SolutionProperties) = preSolution
		HideSolutionNode = FALSE
	EndGlobalSection
	GlobalSection(ExtensibilityGlobals) = postSolution
		SolutionGuid = {A202820D-D560-43CC-B179-D2B8162C42C5}
	EndGlobalSection
EndGlobal
